
Microsoft Visual Studio Solution File, Format Version 12.00
# Visual Studio Version 16
VisualStudioVersion = 16.0.31410.357
MinimumVisualStudioVersion = 10.0.40219.1
Project("{FAE04EC0-301F-11D3-BF4B-00C04F79EFBC}") = "WinFormsApp2", "WinFormsApp2\WinFormsApp2.csproj", "{F2B7E82D-990A-413D-9016-D4654C2CF91D}"
EndProject
Global
	GlobalSection(SolutionConfigurationPlatforms) = preSolution
		Debug|Any CPU = Debug|Any CPU
		Release|Any CPU = Release|Any CPU
	EndGlobalSection
	GlobalSection(ProjectConfigurationPlatforms) = postSolution
		{F2B7E82D-990A-413D-9016-D4654C2CF91D}.Debug|Any CPU.ActiveCfg = Debug|Any CPU
		{F2B7E82D-990A-413D-9016-D4654C2CF91D}.Debug|Any CPU.Build.0 = Debug|Any CPU
		{F2B7E82D-990A-413D-9016-D4654C2CF91D}.Release|Any CPU.ActiveCfg = Release|Any CPU
		{F2B7E82D-990A-413D-9016-D4654C2CF91D}.Release|Any CPU.Build.0 = Release|Any CPU
	EndGlobalSection
	GlobalSection(SolutionProperties) = preSolution
		HideSolutionNode = FALSE
	EndGlobalSection
	GlobalSection(ExtensibilityGlobals) = postSolution
		SolutionGuid = {4FF362A1-556F-42D6-9C6E-8B5AB4462F9A}
	EndGlobalSection
EndGlobal
